
Microsoft Visual Studio Solution File, Format Version 12.00
# Visual Studio Version 17
VisualStudioVersion = 17.4.33213.308
MinimumVisualStudioVersion = 10.0.40219.1
Project("{9A19103F-16F7-4668-BE54-9A1E7A4F7556}") = "CShapApp", "CShapApp.csproj", "{27C7C4D1-2966-42A8-BA17-71B570E6CEC0}"
EndProject
Global
	GlobalSection(SolutionConfigurationPlatforms) = preSolution
		Debug|Any CPU = Debug|Any CPU
		Release|Any CPU = Release|Any CPU
	EndGlobalSection
	GlobalSection(ProjectConfigurationPlatforms) = postSolution
		{27C7C4D1-2966-42A8-BA17-71B570E6CEC0}.Debug|Any CPU.ActiveCfg = Debug|Any CPU
		{27C7C4D1-2966-42A8-BA17-71B570E6CEC0}.Debug|Any CPU.Build.0 = Debug|Any CPU
		{27C7C4D1-2966-42A8-BA17-71B570E6CEC0}.Release|Any CPU.ActiveCfg = Release|Any CPU
		{27C7C4D1-2966-42A8-BA17-71B570E6CEC0}.Release|Any CPU.Build.0 = Release|Any CPU
	EndGlobalSection
	GlobalSection(SolutionProperties) = preSolution
		HideSolutionNode = FALSE
	EndGlobalSection
	GlobalSection(ExtensibilityGlobals) = postSolution
		SolutionGuid = {2C02C79A-FF36-4A25-918D-34F515F91FA4}
	EndGlobalSection
EndGlobal
